
Microsoft Visual Studio Solution File, Format Version 12.00
# Visual Studio Version 17
VisualStudioVersion = 17.2.32505.173
MinimumVisualStudioVersion = 10.0.40219.1
Project("{9A19103F-16F7-4668-BE54-9A1E7A4F7556}") = "DuongHoangKhang_PhanHungPhat_RSA", "DuongHoangKhang_PhanHungPhat_RSA\DuongHoangKhang_PhanHungPhat_RSA.csproj", "{257E4E78-E702-459B-A19C-F6AC8070213E}"
EndProject
Project("{2150E333-8FDC-42A3-9474-1A3956D46DE8}") = "Solution Items", "Solution Items", "{3AC3C0FD-FCB2-4956-829D-93C0E827BF9E}"
EndProject
Global
	GlobalSection(SolutionConfigurationPlatforms) = preSolution
		Debug|Any CPU = Debug|Any CPU
		Release|Any CPU = Release|Any CPU
	EndGlobalSection
	GlobalSection(ProjectConfigurationPlatforms) = postSolution
		{257E4E78-E702-459B-A19C-F6AC8070213E}.Debug|Any CPU.ActiveCfg = Debug|Any CPU
		{257E4E78-E702-459B-A19C-F6AC8070213E}.Debug|Any CPU.Build.0 = Debug|Any CPU
		{257E4E78-E702-459B-A19C-F6AC8070213E}.Release|Any CPU.ActiveCfg = Release|Any CPU
		{257E4E78-E702-459B-A19C-F6AC8070213E}.Release|Any CPU.Build.0 = Release|Any CPU
	EndGlobalSection
	GlobalSection(SolutionProperties) = preSolution
		HideSolutionNode = FALSE
	EndGlobalSection
	GlobalSection(ExtensibilityGlobals) = postSolution
		SolutionGuid = {C522A4C5-FB90-4237-9221-BEA56AA1F394}
	EndGlobalSection
EndGlobal
